
Microsoft Visual Studio Solution File, Format Version 12.00
# Visual Studio Version 16
VisualStudioVersion = 16.0.29806.167
MinimumVisualStudioVersion = 10.0.40219.1
Project("{2150E333-8FDC-42A3-9474-1A3956D46DE8}") = "References", "References", "{970D15D1-662D-4A70-863F-F729287030DD}"
EndProject
Project("{2150E333-8FDC-42A3-9474-1A3956D46DE8}") = "Demos", "Demos", "{A0CED455-5154-4D10-BCF2-A714303243E3}"
EndProject
Project("{2150E333-8FDC-42A3-9474-1A3956D46DE8}") = "Code-Red", "Code-Red", "{C78E61EC-DCA2-4599-9951-C5287E1B7865}"
EndProject
Project("{2150E333-8FDC-42A3-9474-1A3956D46DE8}") = "Extensions", "Extensions", "{D759DF76-BA6C-488D-878E-2E5B88F72260}"
EndProject
Project("{2150E333-8FDC-42A3-9474-1A3956D46DE8}") = "Purezento", "Purezento", "{F3057DDE-B39E-4974-8F52-A34B78E27307}"
EndProject
Project("{8BC9CEB8-8B4A-11D0-8D11-00A0C91BC942}") = "Purezento", "References\purezento\Purezento\Purezento.vcxproj", "{5AFC9E36-5717-48C6-AE8C-5205EF046AF0}"
EndProject
Project("{8BC9CEB8-8B4A-11D0-8D11-00A0C91BC942}") = "CodeRed", "References\Code-Red\CodeRed\CodeRed.vcxproj", "{078AE23F-1CC2-43B5-9096-F6238C363520}"
EndProject
Project("{8BC9CEB8-8B4A-11D0-8D11-00A0C91BC942}") = "ImGui", "References\Code-Red\Extensions\ImGui\ImGui.vcxproj", "{F3ACDF05-0A62-466B-A39B-D616B30CB5C5}"
EndProject
Project("{8BC9CEB8-8B4A-11D0-8D11-00A0C91BC942}") = "SkipListDemo", "Demos\SkipListDemo\SkipListDemo.vcxproj", "{27BED9A0-8405-4C07-A245-07FFCD09C171}"
EndProject
Project("{8BC9CEB8-8B4A-11D0-8D11-00A0C91BC942}") = "TreeDemo", "Demos\TreeDemo\TreeDemo.vcxproj", "{CF2F2755-6EB1-41DF-B6DA-5A4021E3469E}"
EndProject
Project("{8BC9CEB8-8B4A-11D0-8D11-00A0C91BC942}") = "SortDemo", "Demos\SortDemo\SortDemo.vcxproj", "{878F5325-959D-4E4C-A81B-983E48A5338A}"
EndProject
Project("{8BC9CEB8-8B4A-11D0-8D11-00A0C91BC942}") = "CheckerboardDemo", "Demos\CheckerboardDemo\CheckerboardDemo.vcxproj", "{3D68E35A-C381-435F-AABF-D5C38CDF09AA}"
EndProject
Global
	GlobalSection(SolutionConfigurationPlatforms) = preSolution
		Debug|x64 = Debug|x64
		Debug|x86 = Debug|x86
		Release|x64 = Release|x64
		Release|x86 = Release|x86
	EndGlobalSection
	GlobalSection(ProjectConfigurationPlatforms) = postSolution
		{5AFC9E36-5717-48C6-AE8C-5205EF046AF0}.Debug|x64.ActiveCfg = Debug|x64
		{5AFC9E36-5717-48C6-AE8C-5205EF046AF0}.Debug|x64.Build.0 = Debug|x64
		{5AFC9E36-5717-48C6-AE8C-5205EF046AF0}.Debug|x86.ActiveCfg = Debug|Win32
		{5AFC9E36-5717-48C6-AE8C-5205EF046AF0}.Debug|x86.Build.0 = Debug|Win32
		{5AFC9E36-5717-48C6-AE8C-5205EF046AF0}.Release|x64.ActiveCfg = Release|x64
		{5AFC9E36-5717-48C6-AE8C-5205EF046AF0}.Release|x64.Build.0 = Release|x64
		{5AFC9E36-5717-48C6-AE8C-5205EF046AF0}.Release|x86.ActiveCfg = Release|Win32
		{5AFC9E36-5717-48C6-AE8C-5205EF046AF0}.Release|x86.Build.0 = Release|Win32
		{078AE23F-1CC2-43B5-9096-F6238C363520}.Debug|x64.ActiveCfg = Debug|x64
		{078AE23F-1CC2-43B5-9096-F6238C363520}.Debug|x64.Build.0 = Debug|x64
		{078AE23F-1CC2-43B5-9096-F6238C363520}.Debug|x86.ActiveCfg = Debug|Win32
		{078AE23F-1CC2-43B5-9096-F6238C363520}.Debug|x86.Build.0 = Debug|Win32
		{078AE23F-1CC2-43B5-9096-F6238C363520}.Release|x64.ActiveCfg = Release|x64
		{078AE23F-1CC2-43B5-9096-F6238C363520}.Release|x64.Build.0 = Release|x64
		{078AE23F-1CC2-43B5-9096-F6238C363520}.Release|x86.ActiveCfg = Release|Win32
		{078AE23F-1CC2-43B5-9096-F6238C363520}.Release|x86.Build.0 = Release|Win32
		{F3ACDF05-0A62-466B-A39B-D616B30CB5C5}.Debug|x64.ActiveCfg = Debug|x64
		{F3ACDF05-0A62-466B-A39B-D616B30CB5C5}.Debug|x64.Build.0 = Debug|x64
		{F3ACDF05-0A62-466B-A39B-D616B30CB5C5}.Debug|x86.ActiveCfg = Debug|Win32
		{F3ACDF05-0A62-466B-A39B-D616B30CB5C5}.Debug|x86.Build.0 = Debug|Win32
		{F3ACDF05-0A62-466B-A39B-D616B30CB5C5}.Release|x64.ActiveCfg = Release|x64
		{F3ACDF05-0A62-466B-A39B-D616B30CB5C5}.Release|x64.Build.0 = Release|x64
		{F3ACDF05-0A62-466B-A39B-D616B30CB5C5}.Release|x86.ActiveCfg = Release|Win32
		{F3ACDF05-0A62-466B-A39B-D616B30CB5C5}.Release|x86.Build.0 = Release|Win32
		{27BED9A0-8405-4C07-A245-07FFCD09C171}.Debug|x64.ActiveCfg = Debug|x64
		{27BED9A0-8405-4C07-A245-07FFCD09C171}.Debug|x64.Build.0 = Debug|x64
		{27BED9A0-8405-4C07-A245-07FFCD09C171}.Debug|x86.ActiveCfg = Debug|Win32
		{27BED9A0-8405-4C07-A245-07FFCD09C171}.Debug|x86.Build.0 = Debug|Win32
		{27BED9A0-8405-4C07-A245-07FFCD09C171}.Release|x64.ActiveCfg = Release|x64
		{27BED9A0-8405-4C07-A245-07FFCD09C171}.Release|x64.Build.0 = Release|x64
		{27BED9A0-8405-4C07-A245-07FFCD09C171}.Release|x86.ActiveCfg = Release|Win32
		{27BED9A0-8405-4C07-A245-07FFCD09C171}.Release|x86.Build.0 = Release|Win32
		{CF2F2755-6EB1-41DF-B6DA-5A4021E3469E}.Debug|x64.ActiveCfg = Debug|x64
		{CF2F2755-6EB1-41DF-B6DA-5A4021E3469E}.Debug|x64.Build.0 = Debug|x64
		{CF2F2755-6EB1-41DF-B6DA-5A4021E3469E}.Debug|x86.ActiveCfg = Debug|Win32
		{CF2F2755-6EB1-41DF-B6DA-5A4021E3469E}.Debug|x86.Build.0 = Debug|Win32
		{CF2F2755-6EB1-41DF-B6DA-5A4021E3469E}.Release|x64.ActiveCfg = Release|x64
		{CF2F2755-6EB1-41DF-B6DA-5A4021E3469E}.Release|x64.Build.0 = Release|x64
		{CF2F2755-6EB1-41DF-B6DA-5A4021E3469E}.Release|x86.ActiveCfg = Release|Win32
		{CF2F2755-6EB1-41DF-B6DA-5A4021E3469E}.Release|x86.Build.0 = Release|Win32
		{878F5325-959D-4E4C-A81B-983E48A5338A}.Debug|x64.ActiveCfg = Debug|x64
		{878F5325-959D-4E4C-A81B-983E48A5338A}.Debug|x64.Build.0 = Debug|x64
		{878F5325-959D-4E4C-A81B-983E48A5338A}.Debug|x86.ActiveCfg = Debug|Win32
		{878F5325-959D-4E4C-A81B-983E48A5338A}.Debug|x86.Build.0 = Debug|Win32
		{878F5325-959D-4E4C-A81B-983E48A5338A}.Release|x64.ActiveCfg = Release|x64
		{878F5325-959D-4E4C-A81B-983E48A5338A}.Release|x64.Build.0 = Release|x64
		{878F5325-959D-4E4C-A81B-983E48A5338A}.Release|x86.ActiveCfg = Release|Win32
		{878F5325-959D-4E4C-A81B-983E48A5338A}.Release|x86.Build.0 = Release|Win32
		{3D68E35A-C381-435F-AABF-D5C38CDF09AA}.Debug|x64.ActiveCfg = Debug|x64
		{3D68E35A-C381-435F-AABF-D5C38CDF09AA}.Debug|x64.Build.0 = Debug|x64
		{3D68E35A-C381-435F-AABF-D5C38CDF09AA}.Debug|x86.ActiveCfg = Debug|Win32
		{3D68E35A-C381-435F-AABF-D5C38CDF09AA}.Debug|x86.Build.0 = Debug|Win32
		{3D68E35A-C381-435F-AABF-D5C38CDF09AA}.Release|x64.ActiveCfg = Release|x64
		{3D68E35A-C381-435F-AABF-D5C38CDF09AA}.Release|x64.Build.0 = Release|x64
		{3D68E35A-C381-435F-AABF-D5C38CDF09AA}.Release|x86.ActiveCfg = Release|Win32
		{3D68E35A-C381-435F-AABF-D5C38CDF09AA}.Release|x86.Build.0 = Release|Win32
	EndGlobalSection
	GlobalSection(SolutionProperties) = preSolution
		HideSolutionNode = FALSE
	EndGlobalSection
	GlobalSection(NestedProjects) = preSolution
		{C78E61EC-DCA2-4599-9951-C5287E1B7865} = {970D15D1-662D-4A70-863F-F729287030DD}
		{D759DF76-BA6C-488D-878E-2E5B88F72260} = {C78E61EC-DCA2-4599-9951-C5287E1B7865}
		{F3057DDE-B39E-4974-8F52-A34B78E27307} = {970D15D1-662D-4A70-863F-F729287030DD}
		{5AFC9E36-5717-48C6-AE8C-5205EF046AF0} = {F3057DDE-B39E-4974-8F52-A34B78E27307}
		{078AE23F-1CC2-43B5-9096-F6238C363520} = {C78E61EC-DCA2-4599-9951-C5287E1B7865}
		{F3ACDF05-0A62-466B-A39B-D616B30CB5C5} = {D759DF76-BA6C-488D-878E-2E5B88F72260}
		{27BED9A0-8405-4C07-A245-07FFCD09C171} = {A0CED455-5154-4D10-BCF2-A714303243E3}
		{CF2F2755-6EB1-41DF-B6DA-5A4021E3469E} = {A0CED455-5154-4D10-BCF2-A714303243E3}
		{878F5325-959D-4E4C-A81B-983E48A5338A} = {A0CED455-5154-4D10-BCF2-A714303243E3}
		{3D68E35A-C381-435F-AABF-D5C38CDF09AA} = {A0CED455-5154-4D10-BCF2-A714303243E3}
	EndGlobalSection
	GlobalSection(ExtensibilityGlobals) = postSolution
		SolutionGuid = {6108DD12-803A-4954-914D-7B0DA7559094}
	EndGlobalSection
EndGlobal
